
Microsoft Visual Studio Solution File, Format Version 12.00
# Visual Studio Version 17
VisualStudioVersion = 17.2.32630.192
MinimumVisualStudioVersion = 10.0.40219.1
Project("{9A19103F-16F7-4668-BE54-9A1E7A4F7556}") = "stable-diffusion", "stable-diffusion\stable-diffusion.csproj", "{FB8E1D93-000B-47B3-92B1-97BA84D2356F}"
EndProject
Global
	GlobalSection(SolutionConfigurationPlatforms) = preSolution
		Debug_Static|Any CPU = Debug_Static|Any CPU
		Debug_Static|x64 = Debug_Static|x64
		Debug_Static|x86 = Debug_Static|x86
		Debug|Any CPU = Debug|Any CPU
		Debug|x64 = Debug|x64
		Debug|x86 = Debug|x86
		Release_Static|Any CPU = Release_Static|Any CPU
		Release_Static|x64 = Release_Static|x64
		Release_Static|x86 = Release_Static|x86
		Release|Any CPU = Release|Any CPU
		Release|x64 = Release|x64
		Release|x86 = Release|x86
	EndGlobalSection
	GlobalSection(ProjectConfigurationPlatforms) = postSolution
		{FB8E1D93-000B-47B3-92B1-97BA84D2356F}.Debug_Static|Any CPU.ActiveCfg = Debug|Any CPU
		{FB8E1D93-000B-47B3-92B1-97BA84D2356F}.Debug_Static|Any CPU.Build.0 = Debug|Any CPU
		{FB8E1D93-000B-47B3-92B1-97BA84D2356F}.Debug_Static|x64.ActiveCfg = Debug|Any CPU
		{FB8E1D93-000B-47B3-92B1-97BA84D2356F}.Debug_Static|x86.ActiveCfg = Debug|x86
		{FB8E1D93-000B-47B3-92B1-97BA84D2356F}.Debug_Static|x86.Build.0 = Debug|x86
		{FB8E1D93-000B-47B3-92B1-97BA84D2356F}.Debug|Any CPU.ActiveCfg = Debug|Any CPU
		{FB8E1D93-000B-47B3-92B1-97BA84D2356F}.Debug|Any CPU.Build.0 = Debug|Any CPU
		{FB8E1D93-000B-47B3-92B1-97BA84D2356F}.Debug|x64.ActiveCfg = Debug|Any CPU
		{FB8E1D93-000B-47B3-92B1-97BA84D2356F}.Debug|x64.Build.0 = Debug|Any CPU
		{FB8E1D93-000B-47B3-92B1-97BA84D2356F}.Debug|x86.ActiveCfg = Debug|x86
		{FB8E1D93-000B-47B3-92B1-97BA84D2356F}.Debug|x86.Build.0 = Debug|x86
		{FB8E1D93-000B-47B3-92B1-97BA84D2356F}.Release_Static|Any CPU.ActiveCfg = Release|Any CPU
		{FB8E1D93-000B-47B3-92B1-97BA84D2356F}.Release_Static|Any CPU.Build.0 = Release|Any CPU
		{FB8E1D93-000B-47B3-92B1-97BA84D2356F}.Release_Static|x64.ActiveCfg = Release|Any CPU
		{FB8E1D93-000B-47B3-92B1-97BA84D2356F}.Release_Static|x86.ActiveCfg = Release|x86
		{FB8E1D93-000B-47B3-92B1-97BA84D2356F}.Release_Static|x86.Build.0 = Release|x86
		{FB8E1D93-000B-47B3-92B1-97BA84D2356F}.Release|Any CPU.ActiveCfg = Release|Any CPU
		{FB8E1D93-000B-47B3-92B1-97BA84D2356F}.Release|Any CPU.Build.0 = Release|Any CPU
		{FB8E1D93-000B-47B3-92B1-97BA84D2356F}.Release|x64.ActiveCfg = Release|Any CPU
		{FB8E1D93-000B-47B3-92B1-97BA84D2356F}.Release|x86.ActiveCfg = Release|x86
		{FB8E1D93-000B-47B3-92B1-97BA84D2356F}.Release|x86.Build.0 = Release|x86
	EndGlobalSection
	GlobalSection(SolutionProperties) = preSolution
		HideSolutionNode = FALSE
	EndGlobalSection
	GlobalSection(ExtensibilityGlobals) = postSolution
		SolutionGuid = {E5380405-1550-4FF7-B797-4DB1FB3D202C}
	EndGlobalSection
EndGlobal
